dmitri.shuralyov.com/gpu/mtl v0.0.0-20221208032759-85de2813cf6b h1:a26Bdkl2B9PmYN6vGXnnfB2UGKjz0Moif1aEg+xTd7M=
dmitri.shuralyov.com/gpu/mtl v0.0.0-20221208032759-85de2813cf6b/go.mod h1:H6x//7gZCb22OMCxBHrMx7a5I7Hp++hsVxbQ4BYO7hU=
github.com/go-gl/glfw/v3.3/glfw v0.0.0-20231223183121-56fa3ac82ce7 h1:7tf/0aw5DxRQjr7WaNqgtjidub6v21L2cogKIbMcTYw=
github.com/go-gl/glfw/v3.3/glfw v0.0.0-20231223183121-56fa3ac82ce7/go.mod h1:tQ2UAYgL5IevRw8kRxooKSPJfGvJ9fJQFa0TUsXzTg8=
github.com/jezek/xgb v1.1.1 h1:bE/r8ZZtSv7l9gk6nU0mYx51aXrvnyb44892TwSaqS4=
github.com/jezek/xgb v1.1.1/go.mod h1:nrhwO0FX/enq75I7Y7G8iN1ubpSGZEiA3v9e9GyRFlk=
golang.org/x/image v0.34.0 h1:33gCkyw9hmwbZJeZkct8XyR11yH889EQt/QH4VmXMn8=
golang.org/x/image v0.34.0/go.mod h1:2RNFBZRB+vnwwFil8GkMdRvrJOFd1AzdZI6vOY+eJVU=
golang.org/x/mobile v0.0.0-20251126181937-5c265dc024c4 h1:lZKReZrCBTDNaVewUp31194cua6qf65/tYg3mq1KUU0=
golang.org/x/mobile v0.0.0-20251126181937-5c265dc024c4/go.mod h1:Eq3Nh/5pFSWug2ohiudJ1iyU59SO78QFuh4qTTN++I0=
golang.org/x/sys v0.39.0 h1:CvCKL8MeisomCi6qNZ+wbb0DN9E5AATixKsvNtMoMFk=
golang.org/x/sys v0.39.0/go.mod h1:OgkHotnGiDImocRcuBABYBEXf8A9a87e/uXjp9XT3ks=
